<?xml version="1.0" encoding="utf-8"?>
<Project ToolsVersion="4.0" xmlns="http://schemas.microsoft.com/developer/msbuild/2003">
  <ItemGroup>
    <Filter Include="Assets">
      <UniqueIdentifier>efe939f6-f3d5-4252-8b65-e5b44eaf1529</UniqueIdentifier>
      <Extensions>ico;cur;bmp;dds;dlg;fbx;rct;bin;rgs;gif;jpg;jpeg;jpe;resx;tga;tiff;tif;png;wav;mfcribbon-ms</Extensions>
    </Filter>
  </ItemGroup>
  <ItemGroup>
    <ClInclude Include="pch.h" />
    <ClInclude Include="Game.h" />
    <ClInclude Include="StepTimer.h" />
    <ClInclude Include="Particle.h" />
  </ItemGroup>
  <ItemGroup>
    <ClCompile Include="pch.cpp" />
    <ClCompile Include="Game.cpp" />
    <ClCompile Include="Main.cpp" />
    <ClCompile Include="Particle.cpp" />
  </ItemGroup>
  <ItemGroup>
    <ResourceCompile Include="resource.rc" />
  </ItemGroup>
  <ItemGroup>
    <Image Include="directx.ico">
      <Filter>Assets</Filter>
    </Image>
    <Image Include="sand-texture.jpg">
      <Filter>Assets</Filter>
    </Image>
  </ItemGroup>
  <ItemGroup>
    <Manifest Include="settings.manifest">
      <Filter>Assets</Filter>
    </Manifest>
  </ItemGroup>
  <ItemGroup>
    <None Include="packages.config" />
    <None Include="Fly.mtl">
      <Filter>Assets</Filter>
    </None>
    <None Include="Log.sdkmesh">
      <Filter>Assets</Filter>
    </None>
    <None Include="Log.mtl">
      <Filter>Assets</Filter>
    </None>
    <None Include="Wings.mtl">
      <Filter>Assets</Filter>
    </None>
    <None Include="Wings.sdkmesh">
      <Filter>Assets</Filter>
    </None>
    <None Include="Fly.sdkmesh">
      <Filter>Assets</Filter>
    </None>
    <None Include="Legs.sdkmesh">
      <Filter>Assets</Filter>
    </None>
    <None Include="Legs.mtl">
      <Filter>Assets</Filter>
    </None>
  </ItemGroup>
  <ItemGroup>
    <Text Include="Input.txt">
      <Filter>Assets</Filter>
    </Text>
  </ItemGroup>
</Project>